
Microsoft Visual Studio Solution File, Format Version 12.00
# Visual Studio Version 16
VisualStudioVersion = 16.0.31205.134
MinimumVisualStudioVersion = 10.0.40219.1
Project("{8BC9CEB8-8B4A-11D0-8D11-00A0C91BC942}") = "Mosaic", "Mosaic.vcxproj", "{4F218AF7-DB0C-4B45-9B51-3A4B673DA8BC}"
EndProject
Global
	GlobalSection(SolutionConfigurationPlatforms) = preSolution
		1cpu_1024|x64 = 1cpu_1024|x64
		1cpu_1024|x86 = 1cpu_1024|x86
		1cpu_2048|x64 = 1cpu_2048|x64
		1cpu_2048|x86 = 1cpu_2048|x86
		1cpu_256|x64 = 1cpu_256|x64
		1cpu_256|x86 = 1cpu_256|x86
		1cpu_4096|x64 = 1cpu_4096|x64
		1cpu_4096|x86 = 1cpu_4096|x86
		1cpu_validation|x64 = 1cpu_validation|x64
		1cpu_validation|x86 = 1cpu_validation|x86
		2openmp_1024|x64 = 2openmp_1024|x64
		2openmp_1024|x86 = 2openmp_1024|x86
		2openmp_2048|x64 = 2openmp_2048|x64
		2openmp_2048|x86 = 2openmp_2048|x86
		2openmp_256|x64 = 2openmp_256|x64
		2openmp_256|x86 = 2openmp_256|x86
		2openmp_4096|x64 = 2openmp_4096|x64
		2openmp_4096|x86 = 2openmp_4096|x86
		2openmp_validation|x64 = 2openmp_validation|x64
		2openmp_validation|x86 = 2openmp_validation|x86
		3_gpu_v_256|x64 = 3_gpu_v_256|x64
		3_gpu_v_256|x86 = 3_gpu_v_256|x86
		3gpu_0256|x64 = 3gpu_0256|x64
		3gpu_0256|x86 = 3gpu_0256|x86
		3gpu_1024|x64 = 3gpu_1024|x64
		3gpu_1024|x86 = 3gpu_1024|x86
		3gpu_2048|x64 = 3gpu_2048|x64
		3gpu_2048|x86 = 3gpu_2048|x86
		3gpu_4096|x64 = 3gpu_4096|x64
		3gpu_4096|x86 = 3gpu_4096|x86
		3gpu_validation|x64 = 3gpu_validation|x64
		3gpu_validation|x86 = 3gpu_validation|x86
		Debug|x64 = Debug|x64
		Debug|x86 = Debug|x86
		Release|x64 = Release|x64
		Release|x86 = Release|x86
	EndGlobalSection
	GlobalSection(ProjectConfigurationPlatforms) = postSolution
		{4F218AF7-DB0C-4B45-9B51-3A4B673DA8BC}.1cpu_1024|x64.ActiveCfg = 1cpu_1024|x64
		{4F218AF7-DB0C-4B45-9B51-3A4B673DA8BC}.1cpu_1024|x64.Build.0 = 1cpu_1024|x64
		{4F218AF7-DB0C-4B45-9B51-3A4B673DA8BC}.1cpu_1024|x86.ActiveCfg = 1cpu_1024|x64
		{4F218AF7-DB0C-4B45-9B51-3A4B673DA8BC}.1cpu_2048|x64.ActiveCfg = 1cpu_2048|x64
		{4F218AF7-DB0C-4B45-9B51-3A4B673DA8BC}.1cpu_2048|x64.Build.0 = 1cpu_2048|x64
		{4F218AF7-DB0C-4B45-9B51-3A4B673DA8BC}.1cpu_2048|x86.ActiveCfg = 1cpu_2048|x64
		{4F218AF7-DB0C-4B45-9B51-3A4B673DA8BC}.1cpu_256|x64.ActiveCfg = 1cpu_256|x64
		{4F218AF7-DB0C-4B45-9B51-3A4B673DA8BC}.1cpu_256|x64.Build.0 = 1cpu_256|x64
		{4F218AF7-DB0C-4B45-9B51-3A4B673DA8BC}.1cpu_256|x86.ActiveCfg = 1cpu_256|x64
		{4F218AF7-DB0C-4B45-9B51-3A4B673DA8BC}.1cpu_4096|x64.ActiveCfg = 1cpu_4096|x64
		{4F218AF7-DB0C-4B45-9B51-3A4B673DA8BC}.1cpu_4096|x64.Build.0 = 1cpu_4096|x64
		{4F218AF7-DB0C-4B45-9B51-3A4B673DA8BC}.1cpu_4096|x86.ActiveCfg = 1cpu_4096|x64
		{4F218AF7-DB0C-4B45-9B51-3A4B673DA8BC}.1cpu_validation|x64.ActiveCfg = 1cpu_validation|x64
		{4F218AF7-DB0C-4B45-9B51-3A4B673DA8BC}.1cpu_validation|x64.Build.0 = 1cpu_validation|x64
		{4F218AF7-DB0C-4B45-9B51-3A4B673DA8BC}.1cpu_validation|x86.ActiveCfg = 1cpu_validation|x64
		{4F218AF7-DB0C-4B45-9B51-3A4B673DA8BC}.2openmp_1024|x64.ActiveCfg = 2openmp_1024|x64
		{4F218AF7-DB0C-4B45-9B51-3A4B673DA8BC}.2openmp_1024|x64.Build.0 = 2openmp_1024|x64
		{4F218AF7-DB0C-4B45-9B51-3A4B673DA8BC}.2openmp_1024|x86.ActiveCfg = 2openmp_1024|x64
		{4F218AF7-DB0C-4B45-9B51-3A4B673DA8BC}.2openmp_2048|x64.ActiveCfg = 2openmp_2048|x64
		{4F218AF7-DB0C-4B45-9B51-3A4B673DA8BC}.2openmp_2048|x64.Build.0 = 2openmp_2048|x64
		{4F218AF7-DB0C-4B45-9B51-3A4B673DA8BC}.2openmp_2048|x86.ActiveCfg = 2openmp_2048|x64
		{4F218AF7-DB0C-4B45-9B51-3A4B673DA8BC}.2openmp_256|x64.ActiveCfg = 2openmp_256|x64
		{4F218AF7-DB0C-4B45-9B51-3A4B673DA8BC}.2openmp_256|x64.Build.0 = 2openmp_256|x64
		{4F218AF7-DB0C-4B45-9B51-3A4B673DA8BC}.2openmp_256|x86.ActiveCfg = 2openmp_256|x64
		{4F218AF7-DB0C-4B45-9B51-3A4B673DA8BC}.2openmp_4096|x64.ActiveCfg = 2openmp_4096|x64
		{4F218AF7-DB0C-4B45-9B51-3A4B673DA8BC}.2openmp_4096|x64.Build.0 = 2openmp_4096|x64
		{4F218AF7-DB0C-4B45-9B51-3A4B673DA8BC}.2openmp_4096|x86.ActiveCfg = 2openmp_4096|x64
		{4F218AF7-DB0C-4B45-9B51-3A4B673DA8BC}.2openmp_validation|x64.ActiveCfg = 2openmp_validation|x64
		{4F218AF7-DB0C-4B45-9B51-3A4B673DA8BC}.2openmp_validation|x64.Build.0 = 2openmp_validation|x64
		{4F218AF7-DB0C-4B45-9B51-3A4B673DA8BC}.2openmp_validation|x86.ActiveCfg = 2openmp_validation|x64
		{4F218AF7-DB0C-4B45-9B51-3A4B673DA8BC}.3_gpu_v_256|x64.ActiveCfg = 3_gpu_v_256|x64
		{4F218AF7-DB0C-4B45-9B51-3A4B673DA8BC}.3_gpu_v_256|x64.Build.0 = 3_gpu_v_256|x64
		{4F218AF7-DB0C-4B45-9B51-3A4B673DA8BC}.3_gpu_v_256|x86.ActiveCfg = 3_gpu_v_256|x64
		{4F218AF7-DB0C-4B45-9B51-3A4B673DA8BC}.3gpu_0256|x64.ActiveCfg = 3gpu_0256|x64
		{4F218AF7-DB0C-4B45-9B51-3A4B673DA8BC}.3gpu_0256|x64.Build.0 = 3gpu_0256|x64
		{4F218AF7-DB0C-4B45-9B51-3A4B673DA8BC}.3gpu_0256|x86.ActiveCfg = 3gpu_0256|x64
		{4F218AF7-DB0C-4B45-9B51-3A4B673DA8BC}.3gpu_1024|x64.ActiveCfg = 3gpu_1024|x64
		{4F218AF7-DB0C-4B45-9B51-3A4B673DA8BC}.3gpu_1024|x64.Build.0 = 3gpu_1024|x64
		{4F218AF7-DB0C-4B45-9B51-3A4B673DA8BC}.3gpu_1024|x86.ActiveCfg = 3gpu_1024|x64
		{4F218AF7-DB0C-4B45-9B51-3A4B673DA8BC}.3gpu_2048|x64.ActiveCfg = 3gpu_2048|x64
		{4F218AF7-DB0C-4B45-9B51-3A4B673DA8BC}.3gpu_2048|x64.Build.0 = 3gpu_2048|x64
		{4F218AF7-DB0C-4B45-9B51-3A4B673DA8BC}.3gpu_2048|x86.ActiveCfg = 3gpu_2048|x64
		{4F218AF7-DB0C-4B45-9B51-3A4B673DA8BC}.3gpu_4096|x64.ActiveCfg = 3gpu_4096|x64
		{4F218AF7-DB0C-4B45-9B51-3A4B673DA8BC}.3gpu_4096|x64.Build.0 = 3gpu_4096|x64
		{4F218AF7-DB0C-4B45-9B51-3A4B673DA8BC}.3gpu_4096|x86.ActiveCfg = 3gpu_4096|x64
		{4F218AF7-DB0C-4B45-9B51-3A4B673DA8BC}.3gpu_validation|x64.ActiveCfg = 3gpu_validation|x64
		{4F218AF7-DB0C-4B45-9B51-3A4B673DA8BC}.3gpu_validation|x64.Build.0 = 3gpu_validation|x64
		{4F218AF7-DB0C-4B45-9B51-3A4B673DA8BC}.3gpu_validation|x86.ActiveCfg = 3gpu_validation|x64
		{4F218AF7-DB0C-4B45-9B51-3A4B673DA8BC}.Debug|x64.ActiveCfg = Debug|x64
		{4F218AF7-DB0C-4B45-9B51-3A4B673DA8BC}.Debug|x64.Build.0 = Debug|x64
		{4F218AF7-DB0C-4B45-9B51-3A4B673DA8BC}.Debug|x86.ActiveCfg = Debug|x64
		{4F218AF7-DB0C-4B45-9B51-3A4B673DA8BC}.Release|x64.ActiveCfg = Release|x64
		{4F218AF7-DB0C-4B45-9B51-3A4B673DA8BC}.Release|x64.Build.0 = Release|x64
		{4F218AF7-DB0C-4B45-9B51-3A4B673DA8BC}.Release|x86.ActiveCfg = Release|x64
	EndGlobalSection
	GlobalSection(SolutionProperties) = preSolution
		HideSolutionNode = FALSE
	EndGlobalSection
	GlobalSection(ExtensibilityGlobals) = postSolution
		SolutionGuid = {4457E771-BB1F-4C2B-8A64-BC08D5A45FA8}
	EndGlobalSection
EndGlobal
